// !$*UTF8*$!
{
	archiveVersion = 1;
	classes = {
	};
	objectVersion = 56;
	objects = {

/* Begin PBXBuildFile section */
		A63F2C682C9F464100ED06FD /* HomePostView.swift in Sources */ = {isa = PBXBuildFile; fileRef = A63F2C672C9F464100ED06FD /* HomePostView.swift */; };
		A63F2C6C2C9F4B0200ED06FD /* HomeHeaderView.swift in Sources */ = {isa = PBXBuildFile; fileRef = A63F2C6B2C9F4B0200ED06FD /* HomeHeaderView.swift */; };
		A6500CCA2CAB907C008F69E8 /* UIApplication+Extension.swift in Sources */ = {isa = PBXBuildFile; fileRef = A6500CC92CAB907C008F69E8 /* UIApplication+Extension.swift */; };
		A6500CCC2CAB9160008F69E8 /* DatabaseManager.swift in Sources */ = {isa = PBXBuildFile; fileRef = A6500CCB2CAB9160008F69E8 /* DatabaseManager.swift */; };
		A6500CCF2CAB9456008F69E8 /* UserDataModel.swift in Sources */ = {isa = PBXBuildFile; fileRef = A6500CCE2CAB9456008F69E8 /* UserDataModel.swift */; };
		A6918A322CACDFDE0016F1F5 /* Error+Extension.swift in Sources */ = {isa = PBXBuildFile; fileRef = A6918A312CACDFDE0016F1F5 /* Error+Extension.swift */; };
		A6AF277C2CA36EC6002D354B /* TabBarView.swift in Sources */ = {isa = PBXBuildFile; fileRef = A6AF277B2CA36EC6002D354B /* TabBarView.swift */; };
		A6AF27872CA3718E002D354B /* LoginView.swift in Sources */ = {isa = PBXBuildFile; fileRef = A6AF27862CA3718E002D354B /* LoginView.swift */; };
		A6AF278A2CA3719E002D354B /* SignUpView.swift in Sources */ = {isa = PBXBuildFile; fileRef = A6AF27892CA3719E002D354B /* SignUpView.swift */; };
		A6AF27902CA375CB002D354B /* HomeCarouselView.swift in Sources */ = {isa = PBXBuildFile; fileRef = A6AF278F2CA375CB002D354B /* HomeCarouselView.swift */; };
		A6AF27922CA375ED002D354B /* HomeCarouselCellView.swift in Sources */ = {isa = PBXBuildFile; fileRef = A6AF27912CA375ED002D354B /* HomeCarouselCellView.swift */; };
		A6AF27942CA37677002D354B /* HomeCarouselCellModel.swift in Sources */ = {isa = PBXBuildFile; fileRef = A6AF27932CA37677002D354B /* HomeCarouselCellModel.swift */; };
		A6AF27982CA37FC1002D354B /* Color+Extension.swift in Sources */ = {isa = PBXBuildFile; fileRef = A6AF27972CA37FC1002D354B /* Color+Extension.swift */; };
		A6AF279B2CA37FD6002D354B /* Constants.swift in Sources */ = {isa = PBXBuildFile; fileRef = A6AF279A2CA37FD6002D354B /* Constants.swift */; };
		A6B6CA832CB195A6002B76ED /* InputValidator.swift in Sources */ = {isa = PBXBuildFile; fileRef = A6B6CA822CB195A6002B76ED /* InputValidator.swift */; };
		A6B6CA862CB1994A002B76ED /* LoginViewModel.swift in Sources */ = {isa = PBXBuildFile; fileRef = A6B6CA852CB1994A002B76ED /* LoginViewModel.swift */; };
		A6B6CA8B2CB1B002002B76ED /* RestorePasswordView.swift in Sources */ = {isa = PBXBuildFile; fileRef = A6B6CA8A2CB1B002002B76ED /* RestorePasswordView.swift */; };
		A6B6CA8D2CB1B056002B76ED /* RestorePasswordViewModel.swift in Sources */ = {isa = PBXBuildFile; fileRef = A6B6CA8C2CB1B056002B76ED /* RestorePasswordViewModel.swift */; };
		A6B6CA8F2CB1B89B002B76ED /* SnackBarModel.swift in Sources */ = {isa = PBXBuildFile; fileRef = A6B6CA8E2CB1B89B002B76ED /* SnackBarModel.swift */; };
		A6C954392CB17E5B00F9C0C8 /* SignUpViewModel.swift in Sources */ = {isa = PBXBuildFile; fileRef = A6C954382CB17E5B00F9C0C8 /* SignUpViewModel.swift */; };
		A6C9543D2CB1823300F9C0C8 /* BCSnackBar.swift in Sources */ = {isa = PBXBuildFile; fileRef = A6C9543C2CB1823300F9C0C8 /* BCSnackBar.swift */; };
		A6CD710A2C950B940074E416 /* BarrioConectadoApp.swift in Sources */ = {isa = PBXBuildFile; fileRef = A6CD71092C950B940074E416 /* BarrioConectadoApp.swift */; };
		A6CD710C2C950B940074E416 /* HomeView.swift in Sources */ = {isa = PBXBuildFile; fileRef = A6CD710B2C950B940074E416 /* HomeView.swift */; };
		A6CD710E2C950B950074E416 /* Assets.xcassets in Resources */ = {isa = PBXBuildFile; fileRef = A6CD710D2C950B950074E416 /* Assets.xcassets */; };
		A6CD71112C950B950074E416 /* Preview Assets.xcassets in Resources */ = {isa = PBXBuildFile; fileRef = A6CD71102C950B950074E416 /* Preview Assets.xcassets */; };
		A6F44B0D2CA3A10600DAA1C1 /* BCDivider.swift in Sources */ = {isa = PBXBuildFile; fileRef = A6F44B0C2CA3A10600DAA1C1 /* BCDivider.swift */; };
		A6F44B0F2CA3A18300DAA1C1 /* HomePostModel.swift in Sources */ = {isa = PBXBuildFile; fileRef = A6F44B0E2CA3A18300DAA1C1 /* HomePostModel.swift */; };
		A6F44B112CA3A22400DAA1C1 /* HomeViewModel.swift in Sources */ = {isa = PBXBuildFile; fileRef = A6F44B102CA3A22400DAA1C1 /* HomeViewModel.swift */; };
		A6F44B132CA3A32D00DAA1C1 /* HomePostsList.swift in Sources */ = {isa = PBXBuildFile; fileRef = A6F44B122CA3A32D00DAA1C1 /* HomePostsList.swift */; };
		A6F821842CA3B33D00F932D4 /* FirebaseAnalytics in Frameworks */ = {isa = PBXBuildFile; productRef = A6F821832CA3B33D00F932D4 /* FirebaseAnalytics */; };
		A6F821862CA3B33D00F932D4 /* FirebaseAnalyticsOnDeviceConversion in Frameworks */ = {isa = PBXBuildFile; productRef = A6F821852CA3B33D00F932D4 /* FirebaseAnalyticsOnDeviceConversion */; };
		A6F821882CA3B33D00F932D4 /* FirebaseAnalyticsWithoutAdIdSupport in Frameworks */ = {isa = PBXBuildFile; productRef = A6F821872CA3B33D00F932D4 /* FirebaseAnalyticsWithoutAdIdSupport */; };
		A6F8218A2CA3B33D00F932D4 /* FirebaseAppCheck in Frameworks */ = {isa = PBXBuildFile; productRef = A6F821892CA3B33D00F932D4 /* FirebaseAppCheck */; };
		A6F8218C2CA3B33D00F932D4 /* FirebaseAppDistribution-Beta in Frameworks */ = {isa = PBXBuildFile; productRef = A6F8218B2CA3B33D00F932D4 /* FirebaseAppDistribution-Beta */; };
		A6F8218E2CA3B33D00F932D4 /* FirebaseAuth in Frameworks */ = {isa = PBXBuildFile; productRef = A6F8218D2CA3B33D00F932D4 /* FirebaseAuth */; };
		A6F821902CA3B33D00F932D4 /* FirebaseAuthCombine-Community in Frameworks */ = {isa = PBXBuildFile; productRef = A6F8218F2CA3B33D00F932D4 /* FirebaseAuthCombine-Community */; };
		A6F821922CA3B33D00F932D4 /* FirebaseCrashlytics in Frameworks */ = {isa = PBXBuildFile; productRef = A6F821912CA3B33D00F932D4 /* FirebaseCrashlytics */; };
		A6F821942CA3B33E00F932D4 /* FirebaseDatabase in Frameworks */ = {isa = PBXBuildFile; productRef = A6F821932CA3B33D00F932D4 /* FirebaseDatabase */; };
		A6F821962CA3B33E00F932D4 /* FirebaseDynamicLinks in Frameworks */ = {isa = PBXBuildFile; productRef = A6F821952CA3B33E00F932D4 /* FirebaseDynamicLinks */; };
		A6F821982CA3B33E00F932D4 /* FirebaseFirestore in Frameworks */ = {isa = PBXBuildFile; productRef = A6F821972CA3B33E00F932D4 /* FirebaseFirestore */; };
		A6F8219A2CA3B33E00F932D4 /* FirebaseFirestoreCombine-Community in Frameworks */ = {isa = PBXBuildFile; productRef = A6F821992CA3B33E00F932D4 /* FirebaseFirestoreCombine-Community */; };
		A6F8219C2CA3B33E00F932D4 /* FirebaseFunctions in Frameworks */ = {isa = PBXBuildFile; productRef = A6F8219B2CA3B33E00F932D4 /* FirebaseFunctions */; };
		A6F8219E2CA3B33E00F932D4 /* FirebaseFunctionsCombine-Community in Frameworks */ = {isa = PBXBuildFile; productRef = A6F8219D2CA3B33E00F932D4 /* FirebaseFunctionsCombine-Community */; };
		A6F821A02CA3B33E00F932D4 /* FirebaseInAppMessaging-Beta in Frameworks */ = {isa = PBXBuildFile; productRef = A6F8219F2CA3B33E00F932D4 /* FirebaseInAppMessaging-Beta */; };
		A6F821A22CA3B33E00F932D4 /* FirebaseInstallations in Frameworks */ = {isa = PBXBuildFile; productRef = A6F821A12CA3B33E00F932D4 /* FirebaseInstallations */; };
		A6F821A42CA3B33E00F932D4 /* FirebaseMLModelDownloader in Frameworks */ = {isa = PBXBuildFile; productRef = A6F821A32CA3B33E00F932D4 /* FirebaseMLModelDownloader */; };
		A6F821A62CA3B33E00F932D4 /* FirebaseMessaging in Frameworks */ = {isa = PBXBuildFile; productRef = A6F821A52CA3B33E00F932D4 /* FirebaseMessaging */; };
		A6F821A82CA3B33E00F932D4 /* FirebasePerformance in Frameworks */ = {isa = PBXBuildFile; productRef = A6F821A72CA3B33E00F932D4 /* FirebasePerformance */; };
		A6F821AA2CA3B33E00F932D4 /* FirebaseRemoteConfig in Frameworks */ = {isa = PBXBuildFile; productRef = A6F821A92CA3B33E00F932D4 /* FirebaseRemoteConfig */; };
		A6F821AC2CA3B33E00F932D4 /* FirebaseStorage in Frameworks */ = {isa = PBXBuildFile; productRef = A6F821AB2CA3B33E00F932D4 /* FirebaseStorage */; };
		A6F821AE2CA3B33E00F932D4 /* FirebaseStorageCombine-Community in Frameworks */ = {isa = PBXBuildFile; productRef = A6F821AD2CA3B33E00F932D4 /* FirebaseStorageCombine-Community */; };
		A6F821B02CA3B33E00F932D4 /* FirebaseVertexAI-Preview in Frameworks */ = {isa = PBXBuildFile; productRef = A6F821AF2CA3B33E00F932D4 /* FirebaseVertexAI-Preview */; };
		A6F821B32CA3B57200F932D4 /* GoogleSignIn in Frameworks */ = {isa = PBXBuildFile; productRef = A6F821B22CA3B57200F932D4 /* GoogleSignIn */; };
		A6F821B52CA3B57200F932D4 /* GoogleSignInSwift in Frameworks */ = {isa = PBXBuildFile; productRef = A6F821B42CA3B57200F932D4 /* GoogleSignInSwift */; };
		A6F821B82CA3B8D600F932D4 /* GoogleService-Info.plist in Resources */ = {isa = PBXBuildFile; fileRef = A6F821B72CA3B8D600F932D4 /* GoogleService-Info.plist */; };
		A6F821BA2CA3B99100F932D4 /* AuthManager.swift in Sources */ = {isa = PBXBuildFile; fileRef = A6F821B92CA3B99100F932D4 /* AuthManager.swift */; };
/* End PBXBuildFile section */

/* Begin PBXFileReference section */
		A63F2C672C9F464100ED06FD /* HomePostView.swift */ = {isa = PBXFileReference; lastKnownFileType = sourcecode.swift; path = HomePostView.swift; sourceTree = "<group>"; };
		A63F2C6B2C9F4B0200ED06FD /* HomeHeaderView.swift */ = {isa = PBXFileReference; lastKnownFileType = sourcecode.swift; path = HomeHeaderView.swift; sourceTree = "<group>"; };
		A6500CC92CAB907C008F69E8 /* UIApplication+Extension.swift */ = {isa = PBXFileReference; lastKnownFileType = sourcecode.swift; path = "UIApplication+Extension.swift"; sourceTree = "<group>"; };
		A6500CCB2CAB9160008F69E8 /* DatabaseManager.swift */ = {isa = PBXFileReference; lastKnownFileType = sourcecode.swift; path = DatabaseManager.swift; sourceTree = "<group>"; };
		A6500CCE2CAB9456008F69E8 /* UserDataModel.swift */ = {isa = PBXFileReference; lastKnownFileType = sourcecode.swift; path = UserDataModel.swift; sourceTree = "<group>"; };
		A6918A312CACDFDE0016F1F5 /* Error+Extension.swift */ = {isa = PBXFileReference; lastKnownFileType = sourcecode.swift; path = "Error+Extension.swift"; sourceTree = "<group>"; };
		A6AF277B2CA36EC6002D354B /* TabBarView.swift */ = {isa = PBXFileReference; lastKnownFileType = sourcecode.swift; path = TabBarView.swift; sourceTree = "<group>"; };
		A6AF27862CA3718E002D354B /* LoginView.swift */ = {isa = PBXFileReference; lastKnownFileType = sourcecode.swift; path = LoginView.swift; sourceTree = "<group>"; };
		A6AF27892CA3719E002D354B /* SignUpView.swift */ = {isa = PBXFileReference; lastKnownFileType = sourcecode.swift; path = SignUpView.swift; sourceTree = "<group>"; };
		A6AF278F2CA375CB002D354B /* HomeCarouselView.swift */ = {isa = PBXFileReference; lastKnownFileType = sourcecode.swift; path = HomeCarouselView.swift; sourceTree = "<group>"; };
		A6AF27912CA375ED002D354B /* HomeCarouselCellView.swift */ = {isa = PBXFileReference; lastKnownFileType = sourcecode.swift; path = HomeCarouselCellView.swift; sourceTree = "<group>"; };
		A6AF27932CA37677002D354B /* HomeCarouselCellModel.swift */ = {isa = PBXFileReference; lastKnownFileType = sourcecode.swift; path = HomeCarouselCellModel.swift; sourceTree = "<group>"; };
		A6AF27972CA37FC1002D354B /* Color+Extension.swift */ = {isa = PBXFileReference; lastKnownFileType = sourcecode.swift; path = "Color+Extension.swift"; sourceTree = "<group>"; };
		A6AF279A2CA37FD6002D354B /* Constants.swift */ = {isa = PBXFileReference; lastKnownFileType = sourcecode.swift; path = Constants.swift; sourceTree = "<group>"; };
		A6B6CA822CB195A6002B76ED /* InputValidator.swift */ = {isa = PBXFileReference; lastKnownFileType = sourcecode.swift; path = InputValidator.swift; sourceTree = "<group>"; };
		A6B6CA852CB1994A002B76ED /* LoginViewModel.swift */ = {isa = PBXFileReference; lastKnownFileType = sourcecode.swift; path = LoginViewModel.swift; sourceTree = "<group>"; };
		A6B6CA8A2CB1B002002B76ED /* RestorePasswordView.swift */ = {isa = PBXFileReference; lastKnownFileType = sourcecode.swift; path = RestorePasswordView.swift; sourceTree = "<group>"; };
		A6B6CA8C2CB1B056002B76ED /* RestorePasswordViewModel.swift */ = {isa = PBXFileReference; lastKnownFileType = sourcecode.swift; path = RestorePasswordViewModel.swift; sourceTree = "<group>"; };
		A6B6CA8E2CB1B89B002B76ED /* SnackBarModel.swift */ = {isa = PBXFileReference; lastKnownFileType = sourcecode.swift; path = SnackBarModel.swift; sourceTree = "<group>"; };
		A6C954382CB17E5B00F9C0C8 /* SignUpViewModel.swift */ = {isa = PBXFileReference; lastKnownFileType = sourcecode.swift; path = SignUpViewModel.swift; sourceTree = "<group>"; };
		A6C9543C2CB1823300F9C0C8 /* BCSnackBar.swift */ = {isa = PBXFileReference; lastKnownFileType = sourcecode.swift; path = BCSnackBar.swift; sourceTree = "<group>"; };
		A6CD71062C950B940074E416 /* BarrioConectado.app */ = {isa = PBXFileReference; explicitFileType = wrapper.application; includeInIndex = 0; path = BarrioConectado.app; sourceTree = BUILT_PRODUCTS_DIR; };
		A6CD71092C950B940074E416 /* BarrioConectadoApp.swift */ = {isa = PBXFileReference; lastKnownFileType = sourcecode.swift; path = BarrioConectadoApp.swift; sourceTree = "<group>"; };
		A6CD710B2C950B940074E416 /* HomeView.swift */ = {isa = PBXFileReference; lastKnownFileType = sourcecode.swift; path = HomeView.swift; sourceTree = "<group>"; };
		A6CD710D2C950B950074E416 /* Assets.xcassets */ = {isa = PBXFileReference; lastKnownFileType = folder.assetcatalog; path = Assets.xcassets; sourceTree = "<group>"; };
		A6CD71102C950B950074E416 /* Preview Assets.xcassets */ = {isa = PBXFileReference; lastKnownFileType = folder.assetcatalog; path = "Preview Assets.xcassets"; sourceTree = "<group>"; };
		A6F44B0C2CA3A10600DAA1C1 /* BCDivider.swift */ = {isa = PBXFileReference; lastKnownFileType = sourcecode.swift; path = BCDivider.swift; sourceTree = "<group>"; };
		A6F44B0E2CA3A18300DAA1C1 /* HomePostModel.swift */ = {isa = PBXFileReference; lastKnownFileType = sourcecode.swift; path = HomePostModel.swift; sourceTree = "<group>"; };
		A6F44B102CA3A22400DAA1C1 /* HomeViewModel.swift */ = {isa = PBXFileReference; lastKnownFileType = sourcecode.swift; path = HomeViewModel.swift; sourceTree = "<group>"; };
		A6F44B122CA3A32D00DAA1C1 /* HomePostsList.swift */ = {isa = PBXFileReference; lastKnownFileType = sourcecode.swift; path = HomePostsList.swift; sourceTree = "<group>"; };
		A6F821B72CA3B8D600F932D4 /* GoogleService-Info.plist */ = {isa = PBXFileReference; fileEncoding = 4; lastKnownFileType = text.plist.xml; path = "GoogleService-Info.plist"; sourceTree = "<group>"; };
		A6F821B92CA3B99100F932D4 /* AuthManager.swift */ = {isa = PBXFileReference; lastKnownFileType = sourcecode.swift; path = AuthManager.swift; sourceTree = "<group>"; };
/* End PBXFileReference section */

/* Begin PBXFrameworksBuildPhase section */
		A6CD71032C950B940074E416 /* Frameworks */ = {
			isa = PBXFrameworksBuildPhase;
			buildActionMask = 2147483647;
			files = (
				A6F821AE2CA3B33E00F932D4 /* FirebaseStorageCombine-Community in Frameworks */,
				A6F821A62CA3B33E00F932D4 /* FirebaseMessaging in Frameworks */,
				A6F821A42CA3B33E00F932D4 /* FirebaseMLModelDownloader in Frameworks */,
				A6F8218A2CA3B33D00F932D4 /* FirebaseAppCheck in Frameworks */,
				A6F8218E2CA3B33D00F932D4 /* FirebaseAuth in Frameworks */,
				A6F821842CA3B33D00F932D4 /* FirebaseAnalytics in Frameworks */,
				A6F8218C2CA3B33D00F932D4 /* FirebaseAppDistribution-Beta in Frameworks */,
				A6F821882CA3B33D00F932D4 /* FirebaseAnalyticsWithoutAdIdSupport in Frameworks */,
				A6F821922CA3B33D00F932D4 /* FirebaseCrashlytics in Frameworks */,
				A6F821942CA3B33E00F932D4 /* FirebaseDatabase in Frameworks */,
				A6F8219E2CA3B33E00F932D4 /* FirebaseFunctionsCombine-Community in Frameworks */,
				A6F821902CA3B33D00F932D4 /* FirebaseAuthCombine-Community in Frameworks */,
				A6F821AC2CA3B33E00F932D4 /* FirebaseStorage in Frameworks */,
				A6F821862CA3B33D00F932D4 /* FirebaseAnalyticsOnDeviceConversion in Frameworks */,
				A6F8219C2CA3B33E00F932D4 /* FirebaseFunctions in Frameworks */,
				A6F821A22CA3B33E00F932D4 /* FirebaseInstallations in Frameworks */,
				A6F821A82CA3B33E00F932D4 /* FirebasePerformance in Frameworks */,
				A6F821B32CA3B57200F932D4 /* GoogleSignIn in Frameworks */,
				A6F8219A2CA3B33E00F932D4 /* FirebaseFirestoreCombine-Community in Frameworks */,
				A6F821982CA3B33E00F932D4 /* FirebaseFirestore in Frameworks */,
				A6F821B52CA3B57200F932D4 /* GoogleSignInSwift in Frameworks */,
				A6F821962CA3B33E00F932D4 /* FirebaseDynamicLinks in Frameworks */,
				A6F821A02CA3B33E00F932D4 /* FirebaseInAppMessaging-Beta in Frameworks */,
				A6F821B02CA3B33E00F932D4 /* FirebaseVertexAI-Preview in Frameworks */,
				A6F821AA2CA3B33E00F932D4 /* FirebaseRemoteConfig in Frameworks */,
			);
			runOnlyForDeploymentPostprocessing = 0;
		};
/* End PBXFrameworksBuildPhase section */

/* Begin PBXGroup section */
		A62CBB5A2C9F1E8600021CD8 /* Home */ = {
			isa = PBXGroup;
			children = (
				A6AF27952CA37C8A002D354B /* ViewModel */,
				A6AF278B2CA37455002D354B /* Model */,
				A63F2C662C9F462D00ED06FD /* View */,
			);
			path = Home;
			sourceTree = "<group>";
		};
		A63F2C662C9F462D00ED06FD /* View */ = {
			isa = PBXGroup;
			children = (
				A6CD710B2C950B940074E416 /* HomeView.swift */,
				A63F2C672C9F464100ED06FD /* HomePostView.swift */,
				A63F2C6B2C9F4B0200ED06FD /* HomeHeaderView.swift */,
				A6AF278F2CA375CB002D354B /* HomeCarouselView.swift */,
				A6AF27912CA375ED002D354B /* HomeCarouselCellView.swift */,
				A6F44B122CA3A32D00DAA1C1 /* HomePostsList.swift */,
			);
			path = View;
			sourceTree = "<group>";
		};
		A6500CCD2CAB9446008F69E8 /* AuthManager */ = {
			isa = PBXGroup;
			children = (
				A6F821B92CA3B99100F932D4 /* AuthManager.swift */,
				A6500CCE2CAB9456008F69E8 /* UserDataModel.swift */,
			);
			path = AuthManager;
			sourceTree = "<group>";
		};
		A6500CD02CAB945E008F69E8 /* DatabaseManager */ = {
			isa = PBXGroup;
			children = (
				A6500CCB2CAB9160008F69E8 /* DatabaseManager.swift */,
			);
			path = DatabaseManager;
			sourceTree = "<group>";
		};
		A6AF277A2CA36EB1002D354B /* TabBar */ = {
			isa = PBXGroup;
			children = (
				A6AF277D2CA36ECC002D354B /* View */,
			);
			path = TabBar;
			sourceTree = "<group>";
		};
		A6AF277D2CA36ECC002D354B /* View */ = {
			isa = PBXGroup;
			children = (
				A6AF277B2CA36EC6002D354B /* TabBarView.swift */,
			);
			path = View;
			sourceTree = "<group>";
		};
		A6AF27832CA3717E002D354B /* Login */ = {
			isa = PBXGroup;
			children = (
				A6B6CA842CB19941002B76ED /* ViewModel */,
				A6AF27852CA37187002D354B /* View */,
			);
			path = Login;
			sourceTree = "<group>";
		};
		A6AF27842CA37182002D354B /* SignUp */ = {
			isa = PBXGroup;
			children = (
				A6C954372CB17E4400F9C0C8 /* ViewModel */,
				A6AF27882CA37197002D354B /* View */,
			);
			path = SignUp;
			sourceTree = "<group>";
		};
		A6AF27852CA37187002D354B /* View */ = {
			isa = PBXGroup;
			children = (
				A6AF27862CA3718E002D354B /* LoginView.swift */,
			);
			path = View;
			sourceTree = "<group>";
		};
		A6AF27882CA37197002D354B /* View */ = {
			isa = PBXGroup;
			children = (
				A6AF27892CA3719E002D354B /* SignUpView.swift */,
			);
			path = View;
			sourceTree = "<group>";
		};
		A6AF278B2CA37455002D354B /* Model */ = {
			isa = PBXGroup;
			children = (
				A6AF27932CA37677002D354B /* HomeCarouselCellModel.swift */,
				A6F44B0E2CA3A18300DAA1C1 /* HomePostModel.swift */,
			);
			path = Model;
			sourceTree = "<group>";
		};
		A6AF27952CA37C8A002D354B /* ViewModel */ = {
			isa = PBXGroup;
			children = (
				A6F44B102CA3A22400DAA1C1 /* HomeViewModel.swift */,
			);
			path = ViewModel;
			sourceTree = "<group>";
		};
		A6AF27962CA37FB7002D354B /* Extension */ = {
			isa = PBXGroup;
			children = (
				A6AF27972CA37FC1002D354B /* Color+Extension.swift */,
				A6500CC92CAB907C008F69E8 /* UIApplication+Extension.swift */,
				A6918A312CACDFDE0016F1F5 /* Error+Extension.swift */,
			);
			path = Extension;
			sourceTree = "<group>";
		};
		A6AF27992CA37FCF002D354B /* Utils */ = {
			isa = PBXGroup;
			children = (
				A6AF279A2CA37FD6002D354B /* Constants.swift */,
			);
			path = Utils;
			sourceTree = "<group>";
		};
		A6B6CA842CB19941002B76ED /* ViewModel */ = {
			isa = PBXGroup;
			children = (
				A6B6CA852CB1994A002B76ED /* LoginViewModel.swift */,
			);
			path = ViewModel;
			sourceTree = "<group>";
		};
		A6B6CA872CB1AFCB002B76ED /* RestorePassword */ = {
			isa = PBXGroup;
			children = (
				A6B6CA892CB1AFF7002B76ED /* ViewModel */,
				A6B6CA882CB1AFF1002B76ED /* View */,
			);
			path = RestorePassword;
			sourceTree = "<group>";
		};
		A6B6CA882CB1AFF1002B76ED /* View */ = {
			isa = PBXGroup;
			children = (
				A6B6CA8A2CB1B002002B76ED /* RestorePasswordView.swift */,
			);
			path = View;
			sourceTree = "<group>";
		};
		A6B6CA892CB1AFF7002B76ED /* ViewModel */ = {
			isa = PBXGroup;
			children = (
				A6B6CA8C2CB1B056002B76ED /* RestorePasswordViewModel.swift */,
			);
			path = ViewModel;
			sourceTree = "<group>";
		};
		A6C954372CB17E4400F9C0C8 /* ViewModel */ = {
			isa = PBXGroup;
			children = (
				A6C954382CB17E5B00F9C0C8 /* SignUpViewModel.swift */,
			);
			path = ViewModel;
			sourceTree = "<group>";
		};
		A6CD70FD2C950B940074E416 = {
			isa = PBXGroup;
			children = (
				A6CD71082C950B940074E416 /* BarrioConectado */,
				A6CD71072C950B940074E416 /* Products */,
			);
			sourceTree = "<group>";
		};
		A6CD71072C950B940074E416 /* Products */ = {
			isa = PBXGroup;
			children = (
				A6CD71062C950B940074E416 /* BarrioConectado.app */,
			);
			name = Products;
			sourceTree = "<group>";
		};
		A6CD71082C950B940074E416 /* BarrioConectado */ = {
			isa = PBXGroup;
			children = (
				A6B6CA872CB1AFCB002B76ED /* RestorePassword */,
				A6500CD02CAB945E008F69E8 /* DatabaseManager */,
				A6500CCD2CAB9446008F69E8 /* AuthManager */,
				A6F821B72CA3B8D600F932D4 /* GoogleService-Info.plist */,
				A6F44B0A2CA3A0DF00DAA1C1 /* Commons */,
				A6AF27992CA37FCF002D354B /* Utils */,
				A6AF27962CA37FB7002D354B /* Extension */,
				A6AF27842CA37182002D354B /* SignUp */,
				A6AF27832CA3717E002D354B /* Login */,
				A6AF277A2CA36EB1002D354B /* TabBar */,
				A62CBB5A2C9F1E8600021CD8 /* Home */,
				A6CD71092C950B940074E416 /* BarrioConectadoApp.swift */,
				A6CD710D2C950B950074E416 /* Assets.xcassets */,
				A6CD710F2C950B950074E416 /* Preview Content */,
			);
			path = BarrioConectado;
			sourceTree = "<group>";
		};
		A6CD710F2C950B950074E416 /* Preview Content */ = {
			isa = PBXGroup;
			children = (
				A6CD71102C950B950074E416 /* Preview Assets.xcassets */,
			);
			path = "Preview Content";
			sourceTree = "<group>";
		};
		A6F44B0A2CA3A0DF00DAA1C1 /* Commons */ = {
			isa = PBXGroup;
			children = (
				A6F44B0B2CA3A0E800DAA1C1 /* View */,
				A6B6CA822CB195A6002B76ED /* InputValidator.swift */,
				A6B6CA8E2CB1B89B002B76ED /* SnackBarModel.swift */,
			);
			path = Commons;
			sourceTree = "<group>";
		};
		A6F44B0B2CA3A0E800DAA1C1 /* View */ = {
			isa = PBXGroup;
			children = (
				A6F44B0C2CA3A10600DAA1C1 /* BCDivider.swift */,
				A6C9543C2CB1823300F9C0C8 /* BCSnackBar.swift */,
			);
			path = View;
			sourceTree = "<group>";
		};
/* End PBXGroup section */

/* Begin PBXNativeTarget section */
		A6CD71052C950B940074E416 /* BarrioConectado */ = {
			isa = PBXNativeTarget;
			buildConfigurationList = A6CD71142C950B950074E416 /* Build configuration list for PBXNativeTarget "BarrioConectado" */;
			buildPhases = (
				A6CD71022C950B940074E416 /* Sources */,
				A6CD71032C950B940074E416 /* Frameworks */,
				A6CD71042C950B940074E416 /* Resources */,
			);
			buildRules = (
			);
			dependencies = (
			);
			name = BarrioConectado;
			packageProductDependencies = (
				A6F821832CA3B33D00F932D4 /* FirebaseAnalytics */,
				A6F821852CA3B33D00F932D4 /* FirebaseAnalyticsOnDeviceConversion */,
				A6F821872CA3B33D00F932D4 /* FirebaseAnalyticsWithoutAdIdSupport */,
				A6F821892CA3B33D00F932D4 /* FirebaseAppCheck */,
				A6F8218B2CA3B33D00F932D4 /* FirebaseAppDistribution-Beta */,
				A6F8218D2CA3B33D00F932D4 /* FirebaseAuth */,
				A6F8218F2CA3B33D00F932D4 /* FirebaseAuthCombine-Community */,
				A6F821912CA3B33D00F932D4 /* FirebaseCrashlytics */,
				A6F821932CA3B33D00F932D4 /* FirebaseDatabase */,
				A6F821952CA3B33E00F932D4 /* FirebaseDynamicLinks */,
				A6F821972CA3B33E00F932D4 /* FirebaseFirestore */,
				A6F821992CA3B33E00F932D4 /* FirebaseFirestoreCombine-Community */,
				A6F8219B2CA3B33E00F932D4 /* FirebaseFunctions */,
				A6F8219D2CA3B33E00F932D4 /* FirebaseFunctionsCombine-Community */,
				A6F8219F2CA3B33E00F932D4 /* FirebaseInAppMessaging-Beta */,
				A6F821A12CA3B33E00F932D4 /* FirebaseInstallations */,
				A6F821A32CA3B33E00F932D4 /* FirebaseMLModelDownloader */,
				A6F821A52CA3B33E00F932D4 /* FirebaseMessaging */,
				A6F821A72CA3B33E00F932D4 /* FirebasePerformance */,
				A6F821A92CA3B33E00F932D4 /* FirebaseRemoteConfig */,
				A6F821AB2CA3B33E00F932D4 /* FirebaseStorage */,
				A6F821AD2CA3B33E00F932D4 /* FirebaseStorageCombine-Community */,
				A6F821AF2CA3B33E00F932D4 /* FirebaseVertexAI-Preview */,
				A6F821B22CA3B57200F932D4 /* GoogleSignIn */,
				A6F821B42CA3B57200F932D4 /* GoogleSignInSwift */,
			);
			productName = BarrioConectado;
			productReference = A6CD71062C950B940074E416 /* BarrioConectado.app */;
			productType = "com.apple.product-type.application";
		};
/* End PBXNativeTarget section */

/* Begin PBXProject section */
		A6CD70FE2C950B940074E416 /* Project object */ = {
			isa = PBXProject;
			attributes = {
				BuildIndependentTargetsInParallel = 1;
				LastSwiftUpdateCheck = 1500;
				LastUpgradeCheck = 1500;
				TargetAttributes = {
					A6CD71052C950B940074E416 = {
						CreatedOnToolsVersion = 15.0.1;
					};
				};
			};
			buildConfigurationList = A6CD71012C950B940074E416 /* Build configuration list for PBXProject "BarrioConectado" */;
			compatibilityVersion = "Xcode 14.0";
			developmentRegion = en;
			hasScannedForEncodings = 0;
			knownRegions = (
				en,
				Base,
			);
			mainGroup = A6CD70FD2C950B940074E416;
			packageReferences = (
				A6F821822CA3B33D00F932D4 /* XCRemoteSwiftPackageReference "firebase-ios-sdk" */,
				A6F821B12CA3B57200F932D4 /* XCRemoteSwiftPackageReference "GoogleSignIn-iOS" */,
			);
			productRefGroup = A6CD71072C950B940074E416 /* Products */;
			projectDirPath = "";
			projectRoot = "";
			targets = (
				A6CD71052C950B940074E416 /* BarrioConectado */,
			);
		};
/* End PBXProject section */

/* Begin PBXResourcesBuildPhase section */
		A6CD71042C950B940074E416 /* Resources */ = {
			isa = PBXResourcesBuildPhase;
			buildActionMask = 2147483647;
			files = (
				A6CD71112C950B950074E416 /* Preview Assets.xcassets in Resources */,
				A6CD710E2C950B950074E416 /* Assets.xcassets in Resources */,
				A6F821B82CA3B8D600F932D4 /* GoogleService-Info.plist in Resources */,
			);
			runOnlyForDeploymentPostprocessing = 0;
		};
/* End PBXResourcesBuildPhase section */

/* Begin PBXSourcesBuildPhase section */
		A6CD71022C950B940074E416 /* Sources */ = {
			isa = PBXSourcesBuildPhase;
			buildActionMask = 2147483647;
			files = (
				A6B6CA832CB195A6002B76ED /* InputValidator.swift in Sources */,
				A6F44B112CA3A22400DAA1C1 /* HomeViewModel.swift in Sources */,
				A6F821BA2CA3B99100F932D4 /* AuthManager.swift in Sources */,
				A6918A322CACDFDE0016F1F5 /* Error+Extension.swift in Sources */,
				A6AF27922CA375ED002D354B /* HomeCarouselCellView.swift in Sources */,
				A6B6CA8D2CB1B056002B76ED /* RestorePasswordViewModel.swift in Sources */,
				A6AF277C2CA36EC6002D354B /* TabBarView.swift in Sources */,
				A6B6CA8B2CB1B002002B76ED /* RestorePasswordView.swift in Sources */,
				A6AF27872CA3718E002D354B /* LoginView.swift in Sources */,
				A63F2C6C2C9F4B0200ED06FD /* HomeHeaderView.swift in Sources */,
				A6B6CA862CB1994A002B76ED /* LoginViewModel.swift in Sources */,
				A63F2C682C9F464100ED06FD /* HomePostView.swift in Sources */,
				A6B6CA8F2CB1B89B002B76ED /* SnackBarModel.swift in Sources */,
				A6AF27902CA375CB002D354B /* HomeCarouselView.swift in Sources */,
				A6500CCF2CAB9456008F69E8 /* UserDataModel.swift in Sources */,
				A6F44B132CA3A32D00DAA1C1 /* HomePostsList.swift in Sources */,
				A6F44B0F2CA3A18300DAA1C1 /* HomePostModel.swift in Sources */,
				A6C954392CB17E5B00F9C0C8 /* SignUpViewModel.swift in Sources */,
				A6AF279B2CA37FD6002D354B /* Constants.swift in Sources */,
				A6500CCC2CAB9160008F69E8 /* DatabaseManager.swift in Sources */,
				A6AF27982CA37FC1002D354B /* Color+Extension.swift in Sources */,
				A6500CCA2CAB907C008F69E8 /* UIApplication+Extension.swift in Sources */,
				A6F44B0D2CA3A10600DAA1C1 /* BCDivider.swift in Sources */,
				A6AF278A2CA3719E002D354B /* SignUpView.swift in Sources */,
				A6AF27942CA37677002D354B /* HomeCarouselCellModel.swift in Sources */,
				A6C9543D2CB1823300F9C0C8 /* BCSnackBar.swift in Sources */,
				A6CD710C2C950B940074E416 /* HomeView.swift in Sources */,
				A6CD710A2C950B940074E416 /* BarrioConectadoApp.swift in Sources */,
			);
			runOnlyForDeploymentPostprocessing = 0;
		};
/* End PBXSourcesBuildPhase section */

/* Begin XCBuildConfiguration section */
		A6CD71122C950B950074E416 /* Debug */ = {
			isa = XCBuildConfiguration;
			buildSettings = {
				ALWAYS_SEARCH_USER_PATHS = NO;
				ASSETCATALOG_COMPILER_GENERATE_SWIFT_ASSET_SYMBOL_EXTENSIONS = YES;
				CLANG_ANALYZER_NONNULL = YES;
				CLANG_ANALYZER_NUMBER_OBJECT_CONVERSION = YES_AGGRESSIVE;
				CLANG_CXX_LANGUAGE_STANDARD = "gnu++20";
				CLANG_ENABLE_MODULES = YES;
				CLANG_ENABLE_OBJC_ARC = YES;
				CLANG_ENABLE_OBJC_WEAK = YES;
				CLANG_WARN_BLOCK_CAPTURE_AUTORELEASING = YES;
				CLANG_WARN_BOOL_CONVERSION = YES;
				CLANG_WARN_COMMA = YES;
				CLANG_WARN_CONSTANT_CONVERSION = YES;
				CLANG_WARN_DEPRECATED_OBJC_IMPLEMENTATIONS = YES;
				CLANG_WARN_DIRECT_OBJC_ISA_USAGE = YES_ERROR;
				CLANG_WARN_DOCUMENTATION_COMMENTS = YES;
				CLANG_WARN_EMPTY_BODY = YES;
				CLANG_WARN_ENUM_CONVERSION = YES;
				CLANG_WARN_INFINITE_RECURSION = YES;
				CLANG_WARN_INT_CONVERSION = YES;
				CLANG_WARN_NON_LITERAL_NULL_CONVERSION = YES;
				CLANG_WARN_OBJC_IMPLICIT_RETAIN_SELF = YES;
				CLANG_WARN_OBJC_LITERAL_CONVERSION = YES;
				CLANG_WARN_OBJC_ROOT_CLASS = YES_ERROR;
				CLANG_WARN_QUOTED_INCLUDE_IN_FRAMEWORK_HEADER = YES;
				CLANG_WARN_RANGE_LOOP_ANALYSIS = YES;
				CLANG_WARN_STRICT_PROTOTYPES = YES;
				CLANG_WARN_SUSPICIOUS_MOVE = YES;
				CLANG_WARN_UNGUARDED_AVAILABILITY = YES_AGGRESSIVE;
				CLANG_WARN_UNREACHABLE_CODE = YES;
				CLANG_WARN__DUPLICATE_METHOD_MATCH = YES;
				COPY_PHASE_STRIP = NO;
				DEBUG_INFORMATION_FORMAT = dwarf;
				ENABLE_STRICT_OBJC_MSGSEND = YES;
				ENABLE_TESTABILITY = YES;
				ENABLE_USER_SCRIPT_SANDBOXING = YES;
				GCC_C_LANGUAGE_STANDARD = gnu17;
				GCC_DYNAMIC_NO_PIC = NO;
				GCC_NO_COMMON_BLOCKS = YES;
				GCC_OPTIMIZATION_LEVEL = 0;
				GCC_PREPROCESSOR_DEFINITIONS = (
					"DEBUG=1",
					"$(inherited)",
				);
				GCC_WARN_64_TO_32_BIT_CONVERSION = YES;
				GCC_WARN_ABOUT_RETURN_TYPE = YES_ERROR;
				GCC_WARN_UNDECLARED_SELECTOR = YES;
				GCC_WARN_UNINITIALIZED_AUTOS = YES_AGGRESSIVE;
				GCC_WARN_UNUSED_FUNCTION = YES;
				GCC_WARN_UNUSED_VARIABLE = YES;
				IPHONEOS_DEPLOYMENT_TARGET = 17.0;
				LOCALIZATION_PREFERS_STRING_CATALOGS = YES;
				MTL_ENABLE_DEBUG_INFO = INCLUDE_SOURCE;
				MTL_FAST_MATH = YES;
				ONLY_ACTIVE_ARCH = YES;
				SDKROOT = iphoneos;
				SWIFT_ACTIVE_COMPILATION_CONDITIONS = "DEBUG $(inherited)";
				SWIFT_OPTIMIZATION_LEVEL = "-Onone";
			};
			name = Debug;
		};
		A6CD71132C950B950074E416 /* Release */ = {
			isa = XCBuildConfiguration;
			buildSettings = {
				ALWAYS_SEARCH_USER_PATHS = NO;
				ASSETCATALOG_COMPILER_GENERATE_SWIFT_ASSET_SYMBOL_EXTENSIONS = YES;
				CLANG_ANALYZER_NONNULL = YES;
				CLANG_ANALYZER_NUMBER_OBJECT_CONVERSION = YES_AGGRESSIVE;
				CLANG_CXX_LANGUAGE_STANDARD = "gnu++20";
				CLANG_ENABLE_MODULES = YES;
				CLANG_ENABLE_OBJC_ARC = YES;
				CLANG_ENABLE_OBJC_WEAK = YES;
				CLANG_WARN_BLOCK_CAPTURE_AUTORELEASING = YES;
				CLANG_WARN_BOOL_CONVERSION = YES;
				CLANG_WARN_COMMA = YES;
				CLANG_WARN_CONSTANT_CONVERSION = YES;
				CLANG_WARN_DEPRECATED_OBJC_IMPLEMENTATIONS = YES;
				CLANG_WARN_DIRECT_OBJC_ISA_USAGE = YES_ERROR;
				CLANG_WARN_DOCUMENTATION_COMMENTS = YES;
				CLANG_WARN_EMPTY_BODY = YES;
				CLANG_WARN_ENUM_CONVERSION = YES;
				CLANG_WARN_INFINITE_RECURSION = YES;
				CLANG_WARN_INT_CONVERSION = YES;
				CLANG_WARN_NON_LITERAL_NULL_CONVERSION = YES;
				CLANG_WARN_OBJC_IMPLICIT_RETAIN_SELF = YES;
				CLANG_WARN_OBJC_LITERAL_CONVERSION = YES;
				CLANG_WARN_OBJC_ROOT_CLASS = YES_ERROR;
				CLANG_WARN_QUOTED_INCLUDE_IN_FRAMEWORK_HEADER = YES;
				CLANG_WARN_RANGE_LOOP_ANALYSIS = YES;
				CLANG_WARN_STRICT_PROTOTYPES = YES;
				CLANG_WARN_SUSPICIOUS_MOVE = YES;
				CLANG_WARN_UNGUARDED_AVAILABILITY = YES_AGGRESSIVE;
				CLANG_WARN_UNREACHABLE_CODE = YES;
				CLANG_WARN__DUPLICATE_METHOD_MATCH = YES;
				COPY_PHASE_STRIP = NO;
				DEBUG_INFORMATION_FORMAT = "dwarf-with-dsym";
				ENABLE_NS_ASSERTIONS = NO;
				ENABLE_STRICT_OBJC_MSGSEND = YES;
				ENABLE_USER_SCRIPT_SANDBOXING = YES;
				GCC_C_LANGUAGE_STANDARD = gnu17;
				GCC_NO_COMMON_BLOCKS = YES;
				GCC_WARN_64_TO_32_BIT_CONVERSION = YES;
				GCC_WARN_ABOUT_RETURN_TYPE = YES_ERROR;
				GCC_WARN_UNDECLARED_SELECTOR = YES;
				GCC_WARN_UNINITIALIZED_AUTOS = YES_AGGRESSIVE;
				GCC_WARN_UNUSED_FUNCTION = YES;
				GCC_WARN_UNUSED_VARIABLE = YES;
				IPHONEOS_DEPLOYMENT_TARGET = 17.0;
				LOCALIZATION_PREFERS_STRING_CATALOGS = YES;
				MTL_ENABLE_DEBUG_INFO = NO;
				MTL_FAST_MATH = YES;
				SDKROOT = iphoneos;
				SWIFT_COMPILATION_MODE = wholemodule;
				VALIDATE_PRODUCT = YES;
			};
			name = Release;
		};
		A6CD71152C950B950074E416 /* Debug */ = {
			isa = XCBuildConfiguration;
			buildSettings = {
				ASSETCATALOG_COMPILER_APPICON_NAME = AppIcon;
				ASSETCATALOG_COMPILER_GLOBAL_ACCENT_COLOR_NAME = AccentColor;
				CODE_SIGN_STYLE = Automatic;
				CURRENT_PROJECT_VERSION = 1;
				DEVELOPMENT_ASSET_PATHS = "\"BarrioConectado/Preview Content\"";
				DEVELOPMENT_TEAM = K5J6836CFU;
				ENABLE_PREVIEWS = YES;
				GENERATE_INFOPLIST_FILE = YES;
				INFOPLIST_FILE = BarrioConectado/Info.plist;
				INFOPLIST_KEY_UIApplicationSceneManifest_Generation = YES;
				INFOPLIST_KEY_UIApplicationSupportsIndirectInputEvents = YES;
				INFOPLIST_KEY_UILaunchScreen_Generation = YES;
				INFOPLIST_KEY_UISupportedInterfaceOrientations = UIInterfaceOrientationPortrait;
				INFOPLIST_KEY_UISupportedInterfaceOrientations_iPad = "UIInterfaceOrientationLandscapeLeft UIInterfaceOrientationLandscapeRight UIInterfaceOrientationPortrait UIInterfaceOrientationPortraitUpsideDown";
				LD_RUNPATH_SEARCH_PATHS = (
					"$(inherited)",
					"@executable_path/Frameworks",
				);
				MARKETING_VERSION = 1.0;
				PRODUCT_BUNDLE_IDENTIFIER = com.nicolasmartinez.barrioconectado;
				PRODUCT_NAME = "$(TARGET_NAME)";
				SUPPORTED_PLATFORMS = "iphoneos iphonesimulator";
				SUPPORTS_MACCATALYST = NO;
				SUPPORTS_MAC_DESIGNED_FOR_IPHONE_IPAD = NO;
				SWIFT_EMIT_LOC_STRINGS = YES;
				SWIFT_VERSION = 5.0;
				TARGETED_DEVICE_FAMILY = 1;
			};
			name = Debug;
		};
		A6CD71162C950B950074E416 /* Release */ = {
			isa = XCBuildConfiguration;
			buildSettings = {
				ASSETCATALOG_COMPILER_APPICON_NAME = AppIcon;
				ASSETCATALOG_COMPILER_GLOBAL_ACCENT_COLOR_NAME = AccentColor;
				CODE_SIGN_STYLE = Automatic;
				CURRENT_PROJECT_VERSION = 1;
				DEVELOPMENT_ASSET_PATHS = "\"BarrioConectado/Preview Content\"";
				DEVELOPMENT_TEAM = K5J6836CFU;
				ENABLE_PREVIEWS = YES;
				GENERATE_INFOPLIST_FILE = YES;
				INFOPLIST_FILE = BarrioConectado/Info.plist;
				INFOPLIST_KEY_UIApplicationSceneManifest_Generation = YES;
				INFOPLIST_KEY_UIApplicationSupportsIndirectInputEvents = YES;
				INFOPLIST_KEY_UILaunchScreen_Generation = YES;
				INFOPLIST_KEY_UISupportedInterfaceOrientations = UIInterfaceOrientationPortrait;
				INFOPLIST_KEY_UISupportedInterfaceOrientations_iPad = "UIInterfaceOrientationLandscapeLeft UIInterfaceOrientationLandscapeRight UIInterfaceOrientationPortrait UIInterfaceOrientationPortraitUpsideDown";
				LD_RUNPATH_SEARCH_PATHS = (
					"$(inherited)",
					"@executable_path/Frameworks",
				);
				MARKETING_VERSION = 1.0;
				PRODUCT_BUNDLE_IDENTIFIER = com.nicolasmartinez.barrioconectado;
				PRODUCT_NAME = "$(TARGET_NAME)";
				SUPPORTED_PLATFORMS = "iphoneos iphonesimulator";
				SUPPORTS_MACCATALYST = NO;
				SUPPORTS_MAC_DESIGNED_FOR_IPHONE_IPAD = NO;
				SWIFT_EMIT_LOC_STRINGS = YES;
				SWIFT_VERSION = 5.0;
				TARGETED_DEVICE_FAMILY = 1;
			};
			name = Release;
		};
/* End XCBuildConfiguration section */

/* Begin XCConfigurationList section */
		A6CD71012C950B940074E416 /* Build configuration list for PBXProject "BarrioConectado" */ = {
			isa = XCConfigurationList;
			buildConfigurations = (
				A6CD71122C950B950074E416 /* Debug */,
				A6CD71132C950B950074E416 /* Release */,
			);
			defaultConfigurationIsVisible = 0;
			defaultConfigurationName = Release;
		};
		A6CD71142C950B950074E416 /* Build configuration list for PBXNativeTarget "BarrioConectado" */ = {
			isa = XCConfigurationList;
			buildConfigurations = (
				A6CD71152C950B950074E416 /* Debug */,
				A6CD71162C950B950074E416 /* Release */,
			);
			defaultConfigurationIsVisible = 0;
			defaultConfigurationName = Release;
		};
/* End XCConfigurationList section */

/* Begin XCRemoteSwiftPackageReference section */
		A6F821822CA3B33D00F932D4 /* XCRemoteSwiftPackageReference "firebase-ios-sdk" */ = {
			isa = XCRemoteSwiftPackageReference;
			repositoryURL = "https://github.com/firebase/firebase-ios-sdk";
			requirement = {
				kind = upToNextMajorVersion;
				minimumVersion = 11.2.0;
			};
		};
		A6F821B12CA3B57200F932D4 /* XCRemoteSwiftPackageReference "GoogleSignIn-iOS" */ = {
			isa = XCRemoteSwiftPackageReference;
			repositoryURL = "https://github.com/google/GoogleSignIn-iOS";
			requirement = {
				kind = upToNextMajorVersion;
				minimumVersion = 8.0.0;
			};
		};
/* End XCRemoteSwiftPackageReference section */

/* Begin XCSwiftPackageProductDependency section */
		A6F821832CA3B33D00F932D4 /* FirebaseAnalytics */ = {
			isa = XCSwiftPackageProductDependency;
			package = A6F821822CA3B33D00F932D4 /* XCRemoteSwiftPackageReference "firebase-ios-sdk" */;
			productName = FirebaseAnalytics;
		};
		A6F821852CA3B33D00F932D4 /* FirebaseAnalyticsOnDeviceConversion */ = {
			isa = XCSwiftPackageProductDependency;
			package = A6F821822CA3B33D00F932D4 /* XCRemoteSwiftPackageReference "firebase-ios-sdk" */;
			productName = FirebaseAnalyticsOnDeviceConversion;
		};
		A6F821872CA3B33D00F932D4 /* FirebaseAnalyticsWithoutAdIdSupport */ = {
			isa = XCSwiftPackageProductDependency;
			package = A6F821822CA3B33D00F932D4 /* XCRemoteSwiftPackageReference "firebase-ios-sdk" */;
			productName = FirebaseAnalyticsWithoutAdIdSupport;
		};
		A6F821892CA3B33D00F932D4 /* FirebaseAppCheck */ = {
			isa = XCSwiftPackageProductDependency;
			package = A6F821822CA3B33D00F932D4 /* XCRemoteSwiftPackageReference "firebase-ios-sdk" */;
			productName = FirebaseAppCheck;
		};
		A6F8218B2CA3B33D00F932D4 /* FirebaseAppDistribution-Beta */ = {
			isa = XCSwiftPackageProductDependency;
			package = A6F821822CA3B33D00F932D4 /* XCRemoteSwiftPackageReference "firebase-ios-sdk" */;
			productName = "FirebaseAppDistribution-Beta";
		};
		A6F8218D2CA3B33D00F932D4 /* FirebaseAuth */ = {
			isa = XCSwiftPackageProductDependency;
			package = A6F821822CA3B33D00F932D4 /* XCRemoteSwiftPackageReference "firebase-ios-sdk" */;
			productName = FirebaseAuth;
		};
		A6F8218F2CA3B33D00F932D4 /* FirebaseAuthCombine-Community */ = {
			isa = XCSwiftPackageProductDependency;
			package = A6F821822CA3B33D00F932D4 /* XCRemoteSwiftPackageReference "firebase-ios-sdk" */;
			productName = "FirebaseAuthCombine-Community";
		};
		A6F821912CA3B33D00F932D4 /* FirebaseCrashlytics */ = {
			isa = XCSwiftPackageProductDependency;
			package = A6F821822CA3B33D00F932D4 /* XCRemoteSwiftPackageReference "firebase-ios-sdk" */;
			productName = FirebaseCrashlytics;
		};
		A6F821932CA3B33D00F932D4 /* FirebaseDatabase */ = {
			isa = XCSwiftPackageProductDependency;
			package = A6F821822CA3B33D00F932D4 /* XCRemoteSwiftPackageReference "firebase-ios-sdk" */;
			productName = FirebaseDatabase;
		};
		A6F821952CA3B33E00F932D4 /* FirebaseDynamicLinks */ = {
			isa = XCSwiftPackageProductDependency;
			package = A6F821822CA3B33D00F932D4 /* XCRemoteSwiftPackageReference "firebase-ios-sdk" */;
			productName = FirebaseDynamicLinks;
		};
		A6F821972CA3B33E00F932D4 /* FirebaseFirestore */ = {
			isa = XCSwiftPackageProductDependency;
			package = A6F821822CA3B33D00F932D4 /* XCRemoteSwiftPackageReference "firebase-ios-sdk" */;
			productName = FirebaseFirestore;
		};
		A6F821992CA3B33E00F932D4 /* FirebaseFirestoreCombine-Community */ = {
			isa = XCSwiftPackageProductDependency;
			package = A6F821822CA3B33D00F932D4 /* XCRemoteSwiftPackageReference "firebase-ios-sdk" */;
			productName = "FirebaseFirestoreCombine-Community";
		};
		A6F8219B2CA3B33E00F932D4 /* FirebaseFunctions */ = {
			isa = XCSwiftPackageProductDependency;
			package = A6F821822CA3B33D00F932D4 /* XCRemoteSwiftPackageReference "firebase-ios-sdk" */;
			productName = FirebaseFunctions;
		};
		A6F8219D2CA3B33E00F932D4 /* FirebaseFunctionsCombine-Community */ = {
			isa = XCSwiftPackageProductDependency;
			package = A6F821822CA3B33D00F932D4 /* XCRemoteSwiftPackageReference "firebase-ios-sdk" */;
			productName = "FirebaseFunctionsCombine-Community";
		};
		A6F8219F2CA3B33E00F932D4 /* FirebaseInAppMessaging-Beta */ = {
			isa = XCSwiftPackageProductDependency;
			package = A6F821822CA3B33D00F932D4 /* XCRemoteSwiftPackageReference "firebase-ios-sdk" */;
			productName = "FirebaseInAppMessaging-Beta";
		};
		A6F821A12CA3B33E00F932D4 /* FirebaseInstallations */ = {
			isa = XCSwiftPackageProductDependency;
			package = A6F821822CA3B33D00F932D4 /* XCRemoteSwiftPackageReference "firebase-ios-sdk" */;
			productName = FirebaseInstallations;
		};
		A6F821A32CA3B33E00F932D4 /* FirebaseMLModelDownloader */ = {
			isa = XCSwiftPackageProductDependency;
			package = A6F821822CA3B33D00F932D4 /* XCRemoteSwiftPackageReference "firebase-ios-sdk" */;
			productName = FirebaseMLModelDownloader;
		};
		A6F821A52CA3B33E00F932D4 /* FirebaseMessaging */ = {
			isa = XCSwiftPackageProductDependency;
			package = A6F821822CA3B33D00F932D4 /* XCRemoteSwiftPackageReference "firebase-ios-sdk" */;
			productName = FirebaseMessaging;
		};
		A6F821A72CA3B33E00F932D4 /* FirebasePerformance */ = {
			isa = XCSwiftPackageProductDependency;
			package = A6F821822CA3B33D00F932D4 /* XCRemoteSwiftPackageReference "firebase-ios-sdk" */;
			productName = FirebasePerformance;
		};
		A6F821A92CA3B33E00F932D4 /* FirebaseRemoteConfig */ = {
			isa = XCSwiftPackageProductDependency;
			package = A6F821822CA3B33D00F932D4 /* XCRemoteSwiftPackageReference "firebase-ios-sdk" */;
			productName = FirebaseRemoteConfig;
		};
		A6F821AB2CA3B33E00F932D4 /* FirebaseStorage */ = {
			isa = XCSwiftPackageProductDependency;
			package = A6F821822CA3B33D00F932D4 /* XCRemoteSwiftPackageReference "firebase-ios-sdk" */;
			productName = FirebaseStorage;
		};
		A6F821AD2CA3B33E00F932D4 /* FirebaseStorageCombine-Community */ = {
			isa = XCSwiftPackageProductDependency;
			package = A6F821822CA3B33D00F932D4 /* XCRemoteSwiftPackageReference "firebase-ios-sdk" */;
			productName = "FirebaseStorageCombine-Community";
		};
		A6F821AF2CA3B33E00F932D4 /* FirebaseVertexAI-Preview */ = {
			isa = XCSwiftPackageProductDependency;
			package = A6F821822CA3B33D00F932D4 /* XCRemoteSwiftPackageReference "firebase-ios-sdk" */;
			productName = "FirebaseVertexAI-Preview";
		};
		A6F821B22CA3B57200F932D4 /* GoogleSignIn */ = {
			isa = XCSwiftPackageProductDependency;
			package = A6F821B12CA3B57200F932D4 /* XCRemoteSwiftPackageReference "GoogleSignIn-iOS" */;
			productName = GoogleSignIn;
		};
		A6F821B42CA3B57200F932D4 /* GoogleSignInSwift */ = {
			isa = XCSwiftPackageProductDependency;
			package = A6F821B12CA3B57200F932D4 /* XCRemoteSwiftPackageReference "GoogleSignIn-iOS" */;
			productName = GoogleSignInSwift;
		};
/* End XCSwiftPackageProductDependency section */
	};
	rootObject = A6CD70FE2C950B940074E416 /* Project object */;
}
